
Microsoft Visual Studio Solution File, Format Version 12.00
# Visual Studio Version 17
VisualStudioVersion = 17.3.32901.215
MinimumVisualStudioVersion = 10.0.40219.1
Project("{FAE04EC0-301F-11D3-BF4B-00C04F79EFBC}") = "WpfFill", "WpfFill\WpfFill.csproj", "{699948FF-4BE0-4E18-B342-C3A93C069A5A}"
EndProject
Global
	GlobalSection(SolutionConfigurationPlatforms) = preSolution
		Debug|Any CPU = Debug|Any CPU
		Release|Any CPU = Release|Any CPU
	EndGlobalSection
	GlobalSection(ProjectConfigurationPlatforms) = postSolution
		{699948FF-4BE0-4E18-B342-C3A93C069A5A}.Debug|Any CPU.ActiveCfg = Debug|Any CPU
		{699948FF-4BE0-4E18-B342-C3A93C069A5A}.Debug|Any CPU.Build.0 = Debug|Any CPU
		{699948FF-4BE0-4E18-B342-C3A93C069A5A}.Release|Any CPU.ActiveCfg = Release|Any CPU
		{699948FF-4BE0-4E18-B342-C3A93C069A5A}.Release|Any CPU.Build.0 = Release|Any CPU
	EndGlobalSection
	GlobalSection(SolutionProperties) = preSolution
		HideSolutionNode = FALSE
	EndGlobalSection
	GlobalSection(ExtensibilityGlobals) = postSolution
		SolutionGuid = {3F3655FC-7E75-48EC-9A8A-1FA60B5295E7}
	EndGlobalSection
EndGlobal
